
Microsoft Visual Studio Solution File, Format Version 12.00
# Visual Studio Version 17
VisualStudioVersion = 17.9.34622.214
MinimumVisualStudioVersion = 10.0.40219.1
Project("{FAE04EC0-301F-11D3-BF4B-00C04F79EFBC}") = "RallyBaneTest", "RallyBaneTest\RallyBaneTest.csproj", "{718280D2-1480-42FD-8C98-75A829CEE2D0}"
EndProject
Global
	GlobalSection(SolutionConfigurationPlatforms) = preSolution
		Debug|Any CPU = Debug|Any CPU
		Release|Any CPU = Release|Any CPU
	EndGlobalSection
	GlobalSection(ProjectConfigurationPlatforms) = postSolution
		{718280D2-1480-42FD-8C98-75A829CEE2D0}.Debug|Any CPU.ActiveCfg = Debug|Any CPU
		{718280D2-1480-42FD-8C98-75A829CEE2D0}.Debug|Any CPU.Build.0 = Debug|Any CPU
		{718280D2-1480-42FD-8C98-75A829CEE2D0}.Release|Any CPU.ActiveCfg = Release|Any CPU
		{718280D2-1480-42FD-8C98-75A829CEE2D0}.Release|Any CPU.Build.0 = Release|Any CPU
	EndGlobalSection
	GlobalSection(SolutionProperties) = preSolution
		HideSolutionNode = FALSE
	EndGlobalSection
	GlobalSection(ExtensibilityGlobals) = postSolution
		SolutionGuid = {706353D3-D008-40DA-A095-0E755A7CD3FE}
	EndGlobalSection
EndGlobal
